
Microsoft Visual Studio Solution File, Format Version 12.00
# Visual Studio 15
VisualStudioVersion = 15.0.27004.2009
MinimumVisualStudioVersion = 10.0.40219.1
Project("{FAE04EC0-301F-11D3-BF4B-00C04F79EFBC}") = "dytt", "dytt\dytt.csproj", "{FABFFCA3-6DA1-4FA4-AB03-737A99419E1E}"
EndProject
Global
	GlobalSection(SolutionConfigurationPlatforms) = preSolution
		Debug|Any CPU = Debug|Any CPU
		Release|Any CPU = Release|Any CPU
	EndGlobalSection
	GlobalSection(ProjectConfigurationPlatforms) = postSolution
		{FABFFCA3-6DA1-4FA4-AB03-737A99419E1E}.Debug|Any CPU.ActiveCfg = Debug|Any CPU
		{FABFFCA3-6DA1-4FA4-AB03-737A99419E1E}.Debug|Any CPU.Build.0 = Debug|Any CPU
		{FABFFCA3-6DA1-4FA4-AB03-737A99419E1E}.Release|Any CPU.ActiveCfg = Release|Any CPU
		{FABFFCA3-6DA1-4FA4-AB03-737A99419E1E}.Release|Any CPU.Build.0 = Release|Any CPU
	EndGlobalSection
	GlobalSection(SolutionProperties) = preSolution
		HideSolutionNode = FALSE
	EndGlobalSection
	GlobalSection(ExtensibilityGlobals) = postSolution
		SolutionGuid = {CC924D4F-33E0-4674-B169-A9F0AF7841D4}
	EndGlobalSection
EndGlobal
